
Microsoft Visual Studio Solution File, Format Version 12.00
# Visual Studio 15
Project("{FAE04EC0-301F-11D3-BF4B-00C04F79EFBC}") = "Assembly-CSharp", "Assembly-CSharp.csproj", "{C78FE663-2223-67C6-7F78-F79B1487BF1D}"
EndProject
Global
	GlobalSection(SolutionConfigurationPlatforms) = preSolution
		Debug|Any CPU = Debug|Any CPU
		Release|Any CPU = Release|Any CPU
	EndGlobalSection
	GlobalSection(ProjectConfigurationPlatforms) = postSolution
		{C78FE663-2223-67C6-7F78-F79B1487BF1D}.Debug|Any CPU.ActiveCfg = Debug|Any CPU
		{C78FE663-2223-67C6-7F78-F79B1487BF1D}.Debug|Any CPU.Build.0 = Debug|Any CPU
		{C78FE663-2223-67C6-7F78-F79B1487BF1D}.Release|Any CPU.ActiveCfg = Release|Any CPU
		{C78FE663-2223-67C6-7F78-F79B1487BF1D}.Release|Any CPU.Build.0 = Release|Any CPU
	EndGlobalSection
	GlobalSection(SolutionProperties) = preSolution
		HideSolutionNode = FALSE
	EndGlobalSection
EndGlobal
